hash: cd4dafdd5dd49f7f5d85dd415a539241f92f43a98c217988b923600a41e5ba20
updated: 2017-07-20T21:55:24.1551437+01:00
imports:
- name: github.com/coreos/go-systemd
  version: 24036eb3df68550d24a2736c5d013f4e83366866
  subpackages:
  - activation
- name: github.com/golang/glog
  version: 23def4e6c14b4da8ac2ed8007337bc5eb5007998
- name: github.com/miekg/dns
  version: 0559e6d230af0a3a7273853cb6994ebea21bfbe5
- name: golang.org/x/net
  version: 7b7efd8000731a766f6cbfa2c04010627521c66e
  subpackages:
  - context
  - internal/timeseries
  - trace
testImports: []
